// !$*UTF8*$!
{
	archiveVersion = 1;
	classes = {
	};
	objectVersion = 48;
	objects = {

/* Begin PBXBuildFile section */
		CF9AA30C1FA728B7003541EE /* AppDelegate.swift in Sources */ = {isa = PBXBuildFile; fileRef = CF9AA30B1FA728B7003541EE /* AppDelegate.swift */; };
		CF9AA30E1FA728B7003541EE /* ViewController.swift in Sources */ = {isa = PBXBuildFile; fileRef = CF9AA30D1FA728B7003541EE /* ViewController.swift */; };
		CF9AA3111FA728B7003541EE /* Main.storyboard in Resources */ = {isa = PBXBuildFile; fileRef = CF9AA30F1FA728B7003541EE /* Main.storyboard */; };
		CF9AA3131FA728B7003541EE /* Assets.xcassets in Resources */ = {isa = PBXBuildFile; fileRef = CF9AA3121FA728B7003541EE /* Assets.xcassets */; };
		CF9AA3161FA728B7003541EE /* LaunchScreen.storyboard in Resources */ = {isa = PBXBuildFile; fileRef = CF9AA3141FA728B7003541EE /* LaunchScreen.storyboard */; };
		CF9B1E201FA72E3300AC025D /* RxSwift.framework in Frameworks */ = {isa = PBXBuildFile; fileRef = CF9B1E1F1FA72E3300AC025D /* RxSwift.framework */; };
		CF9B1E231FA7356A00AC025D /* GoogleModel.swift in Sources */ = {isa = PBXBuildFile; fileRef = CF9B1E221FA7356A00AC025D /* GoogleModel.swift */; };
		CF9B1E251FA7359600AC025D /* RxCocoa.framework in Frameworks */ = {isa = PBXBuildFile; fileRef = CF9B1E241FA7359600AC025D /* RxCocoa.framework */; };
/* End PBXBuildFile section */

/* Begin PBXFileReference section */
		CF9AA3081FA728B7003541EE /* RxSwiftDemo.app */ = {isa = PBXFileReference; explicitFileType = wrapper.application; includeInIndex = 0; path = RxSwiftDemo.app; sourceTree = BUILT_PRODUCTS_DIR; };
		CF9AA30B1FA728B7003541EE /* AppDelegate.swift */ = {isa = PBXFileReference; lastKnownFileType = sourcecode.swift; path = AppDelegate.swift; sourceTree = "<group>"; };
		CF9AA30D1FA728B7003541EE /* ViewController.swift */ = {isa = PBXFileReference; lastKnownFileType = sourcecode.swift; path = ViewController.swift; sourceTree = "<group>"; };
		CF9AA3101FA728B7003541EE /* Base */ = {isa = PBXFileReference; lastKnownFileType = file.storyboard; name = Base; path = Base.lproj/Main.storyboard; sourceTree = "<group>"; };
		CF9AA3121FA728B7003541EE /* Assets.xcassets */ = {isa = PBXFileReference; lastKnownFileType = folder.assetcatalog; path = Assets.xcassets; sourceTree = "<group>"; };
		CF9AA3151FA728B7003541EE /* Base */ = {isa = PBXFileReference; lastKnownFileType = file.storyboard; name = Base; path = Base.lproj/LaunchScreen.storyboard; sourceTree = "<group>"; };
		CF9AA3171FA728B7003541EE /* Info.plist */ = {isa = PBXFileReference; lastKnownFileType = text.plist.xml; path = Info.plist; sourceTree = "<group>"; };
		CF9B1E1F1FA72E3300AC025D /* RxSwift.framework */ = {isa = PBXFileReference; lastKnownFileType = wrapper.framework; name = RxSwift.framework; path = Carthage/Build/iOS/RxSwift.framework; sourceTree = "<group>"; };
		CF9B1E221FA7356A00AC025D /* GoogleModel.swift */ = {isa = PBXFileReference; lastKnownFileType = sourcecode.swift; path = GoogleModel.swift; sourceTree = "<group>"; };
		CF9B1E241FA7359600AC025D /* RxCocoa.framework */ = {isa = PBXFileReference; lastKnownFileType = wrapper.framework; name = RxCocoa.framework; path = Carthage/Build/iOS/RxCocoa.framework; sourceTree = "<group>"; };
/* End PBXFileReference section */

/* Begin PBXFrameworksBuildPhase section */
		CF9AA3051FA728B7003541EE /* Frameworks */ = {
			isa = PBXFrameworksBuildPhase;
			buildActionMask = 2147483647;
			files = (
				CF9B1E201FA72E3300AC025D /* RxSwift.framework in Frameworks */,
				CF9B1E251FA7359600AC025D /* RxCocoa.framework in Frameworks */,
			);
			runOnlyForDeploymentPostprocessing = 0;
		};
/* End PBXFrameworksBuildPhase section */

/* Begin PBXGroup section */
		CF9AA2FF1FA728B7003541EE = {
			isa = PBXGroup;
			children = (
				CF9AA30A1FA728B7003541EE /* RxSwiftDemo */,
				CF9AA3091FA728B7003541EE /* Products */,
				CF9B1E1E1FA72E3300AC025D /* Frameworks */,
			);
			sourceTree = "<group>";
		};
		CF9AA3091FA728B7003541EE /* Products */ = {
			isa = PBXGroup;
			children = (
				CF9AA3081FA728B7003541EE /* RxSwiftDemo.app */,
			);
			name = Products;
			sourceTree = "<group>";
		};
		CF9AA30A1FA728B7003541EE /* RxSwiftDemo */ = {
			isa = PBXGroup;
			children = (
				CF9AA30B1FA728B7003541EE /* AppDelegate.swift */,
				CF9AA30D1FA728B7003541EE /* ViewController.swift */,
				CF9B1E221FA7356A00AC025D /* GoogleModel.swift */,
				CF9AA30F1FA728B7003541EE /* Main.storyboard */,
				CF9AA3121FA728B7003541EE /* Assets.xcassets */,
				CF9AA3141FA728B7003541EE /* LaunchScreen.storyboard */,
				CF9AA3171FA728B7003541EE /* Info.plist */,
			);
			path = RxSwiftDemo;
			sourceTree = "<group>";
		};
		CF9B1E1E1FA72E3300AC025D /* Frameworks */ = {
			isa = PBXGroup;
			children = (
				CF9B1E241FA7359600AC025D /* RxCocoa.framework */,
				CF9B1E1F1FA72E3300AC025D /* RxSwift.framework */,
			);
			name = Frameworks;
			sourceTree = "<group>";
		};
/* End PBXGroup section */

/* Begin PBXNativeTarget section */
		CF9AA3071FA728B7003541EE /* RxSwiftDemo */ = {
			isa = PBXNativeTarget;
			buildConfigurationList = CF9AA31A1FA728B7003541EE /* Build configuration list for PBXNativeTarget "RxSwiftDemo" */;
			buildPhases = (
				CF9AA3041FA728B7003541EE /* Sources */,
				CF9AA3051FA728B7003541EE /* Frameworks */,
				CF9AA3061FA728B7003541EE /* Resources */,
				CF9B1E211FA72E5400AC025D /* ShellScript */,
			);
			buildRules = (
			);
			dependencies = (
			);
			name = RxSwiftDemo;
			productName = RxSwiftDemo;
			productReference = CF9AA3081FA728B7003541EE /* RxSwiftDemo.app */;
			productType = "com.apple.product-type.application";
		};
/* End PBXNativeTarget section */

/* Begin PBXProject section */
		CF9AA3001FA728B7003541EE /* Project object */ = {
			isa = PBXProject;
			attributes = {
				LastSwiftUpdateCheck = 0900;
				LastUpgradeCheck = 0900;
				ORGANIZATIONNAME = "Tony Milton";
				TargetAttributes = {
					CF9AA3071FA728B7003541EE = {
						CreatedOnToolsVersion = 9.0;
						ProvisioningStyle = Automatic;
					};
				};
			};
			buildConfigurationList = CF9AA3031FA728B7003541EE /* Build configuration list for PBXProject "RxSwiftDemo" */;
			compatibilityVersion = "Xcode 8.0";
			developmentRegion = en;
			hasScannedForEncodings = 0;
			knownRegions = (
				en,
				Base,
			);
			mainGroup = CF9AA2FF1FA728B7003541EE;
			productRefGroup = CF9AA3091FA728B7003541EE /* Products */;
			projectDirPath = "";
			projectRoot = "";
			targets = (
				CF9AA3071FA728B7003541EE /* RxSwiftDemo */,
			);
		};
/* End PBXProject section */

/* Begin PBXResourcesBuildPhase section */
		CF9AA3061FA728B7003541EE /* Resources */ = {
			isa = PBXResourcesBuildPhase;
			buildActionMask = 2147483647;
			files = (
				CF9AA3161FA728B7003541EE /* LaunchScreen.storyboard in Resources */,
				CF9AA3131FA728B7003541EE /* Assets.xcassets in Resources */,
				CF9AA3111FA728B7003541EE /* Main.storyboard in Resources */,
			);
			runOnlyForDeploymentPostprocessing = 0;
		};
/* End PBXResourcesBuildPhase section */

/* Begin PBXShellScriptBuildPhase section */
		CF9B1E211FA72E5400AC025D /* ShellScript */ = {
			isa = PBXShellScriptBuildPhase;
			buildActionMask = 2147483647;
			files = (
			);
			inputPaths = (
				"$(SRCROOT)/Carthage/Build/iOS/RxSwift.framework",
				"$(SRCROOT)/Carthage/Build/iOS/RxCocoa.framework",
			);
			outputPaths = (
			);
			runOnlyForDeploymentPostprocessing = 0;
			shellPath = /bin/sh;
			shellScript = "/usr/local/bin/carthage copy-frameworks";
		};
/* End PBXShellScriptBuildPhase section */

/* Begin PBXSourcesBuildPhase section */
		CF9AA3041FA728B7003541EE /* Sources */ = {
			isa = PBXSourcesBuildPhase;
			buildActionMask = 2147483647;
			files = (
				CF9B1E231FA7356A00AC025D /* GoogleModel.swift in Sources */,
				CF9AA30E1FA728B7003541EE /* ViewController.swift in Sources */,
				CF9AA30C1FA728B7003541EE /* AppDelegate.swift in Sources */,
			);
			runOnlyForDeploymentPostprocessing = 0;
		};
/* End PBXSourcesBuildPhase section */

/* Begin PBXVariantGroup section */
		CF9AA30F1FA728B7003541EE /* Main.storyboard */ = {
			isa = PBXVariantGroup;
			children = (
				CF9AA3101FA728B7003541EE /* Base */,
			);
			name = Main.storyboard;
			sourceTree = "<group>";
		};
		CF9AA3141FA728B7003541EE /* LaunchScreen.storyboard */ = {
			isa = PBXVariantGroup;
			children = (
				CF9AA3151FA728B7003541EE /* Base */,
			);
			name = LaunchScreen.storyboard;
			sourceTree = "<group>";
		};
/* End PBXVariantGroup section */

/* Begin XCBuildConfiguration section */
		CF9AA3181FA728B7003541EE /* Debug */ = {
			isa = XCBuildConfiguration;
			buildSettings = {
				ALWAYS_SEARCH_USER_PATHS = NO;
				CLANG_ANALYZER_NONNULL = YES;
				CLANG_ANALYZER_NUMBER_OBJECT_CONVERSION = YES_AGGRESSIVE;
				CLANG_CXX_LANGUAGE_STANDARD = "gnu++14";
				CLANG_CXX_LIBRARY = "libc++";
				CLANG_ENABLE_MODULES = YES;
				CLANG_ENABLE_OBJC_ARC = YES;
				CLANG_WARN_BLOCK_CAPTURE_AUTORELEASING = YES;
				CLANG_WARN_BOOL_CONVERSION = YES;
				CLANG_WARN_COMMA = YES;
				CLANG_WARN_CONSTANT_CONVERSION = YES;
				CLANG_WARN_DIRECT_OBJC_ISA_USAGE = YES_ERROR;
				CLANG_WARN_DOCUMENTATION_COMMENTS = YES;
				CLANG_WARN_EMPTY_BODY = YES;
				CLANG_WARN_ENUM_CONVERSION = YES;
				CLANG_WARN_INFINITE_RECURSION = YES;
				CLANG_WARN_INT_CONVERSION = YES;
				CLANG_WARN_NON_LITERAL_NULL_CONVERSION = YES;
				CLANG_WARN_OBJC_LITERAL_CONVERSION = YES;
				CLANG_WARN_OBJC_ROOT_CLASS = YES_ERROR;
				CLANG_WARN_RANGE_LOOP_ANALYSIS = YES;
				CLANG_WARN_STRICT_PROTOTYPES = YES;
				CLANG_WARN_SUSPICIOUS_MOVE = YES;
				CLANG_WARN_UNGUARDED_AVAILABILITY = YES_AGGRESSIVE;
				CLANG_WARN_UNREACHABLE_CODE = YES;
				CLANG_WARN__DUPLICATE_METHOD_MATCH = YES;
				CODE_SIGN_IDENTITY = "iPhone Developer";
				COPY_PHASE_STRIP = NO;
				DEBUG_INFORMATION_FORMAT = dwarf;
				ENABLE_STRICT_OBJC_MSGSEND = YES;
				ENABLE_TESTABILITY = YES;
				GCC_C_LANGUAGE_STANDARD = gnu11;
				GCC_DYNAMIC_NO_PIC = NO;
				GCC_NO_COMMON_BLOCKS = YES;
				GCC_OPTIMIZATION_LEVEL = 0;
				GCC_PREPROCESSOR_DEFINITIONS = (
					"DEBUG=1",
					"$(inherited)",
				);
				GCC_WARN_64_TO_32_BIT_CONVERSION = YES;
				GCC_WARN_ABOUT_RETURN_TYPE = YES_ERROR;
				GCC_WARN_UNDECLARED_SELECTOR = YES;
				GCC_WARN_UNINITIALIZED_AUTOS = YES_AGGRESSIVE;
				GCC_WARN_UNUSED_FUNCTION = YES;
				GCC_WARN_UNUSED_VARIABLE = YES;
				IPHONEOS_DEPLOYMENT_TARGET = 11.0;
				MTL_ENABLE_DEBUG_INFO = YES;
				ONLY_ACTIVE_ARCH = YES;
				SDKROOT = iphoneos;
				SWIFT_ACTIVE_COMPILATION_CONDITIONS = DEBUG;
				SWIFT_OPTIMIZATION_LEVEL = "-Onone";
			};
			name = Debug;
		};
		CF9AA3191FA728B7003541EE /* Release */ = {
			isa = XCBuildConfiguration;
			buildSettings = {
				ALWAYS_SEARCH_USER_PATHS = NO;
				CLANG_ANALYZER_NONNULL = YES;
				CLANG_ANALYZER_NUMBER_OBJECT_CONVERSION = YES_AGGRESSIVE;
				CLANG_CXX_LANGUAGE_STANDARD = "gnu++14";
				CLANG_CXX_LIBRARY = "libc++";
				CLANG_ENABLE_MODULES = YES;
				CLANG_ENABLE_OBJC_ARC = YES;
				CLANG_WARN_BLOCK_CAPTURE_AUTORELEASING = YES;
				CLANG_WARN_BOOL_CONVERSION = YES;
				CLANG_WARN_COMMA = YES;
				CLANG_WARN_CONSTANT_CONVERSION = YES;
				CLANG_WARN_DIRECT_OBJC_ISA_USAGE = YES_ERROR;
				CLANG_WARN_DOCUMENTATION_COMMENTS = YES;
				CLANG_WARN_EMPTY_BODY = YES;
				CLANG_WARN_ENUM_CONVERSION = YES;
				CLANG_WARN_INFINITE_RECURSION = YES;
				CLANG_WARN_INT_CONVERSION = YES;
				CLANG_WARN_NON_LITERAL_NULL_CONVERSION = YES;
				CLANG_WARN_OBJC_LITERAL_CONVERSION = YES;
				CLANG_WARN_OBJC_ROOT_CLASS = YES_ERROR;
				CLANG_WARN_RANGE_LOOP_ANALYSIS = YES;
				CLANG_WARN_STRICT_PROTOTYPES = YES;
				CLANG_WARN_SUSPICIOUS_MOVE = YES;
				CLANG_WARN_UNGUARDED_AVAILABILITY = YES_AGGRESSIVE;
				CLANG_WARN_UNREACHABLE_CODE = YES;
				CLANG_WARN__DUPLICATE_METHOD_MATCH = YES;
				CODE_SIGN_IDENTITY = "iPhone Developer";
				COPY_PHASE_STRIP = NO;
				DEBUG_INFORMATION_FORMAT = "dwarf-with-dsym";
				ENABLE_NS_ASSERTIONS = NO;
				ENABLE_STRICT_OBJC_MSGSEND = YES;
				GCC_C_LANGUAGE_STANDARD = gnu11;
				GCC_NO_COMMON_BLOCKS = YES;
				GCC_WARN_64_TO_32_BIT_CONVERSION = YES;
				GCC_WARN_ABOUT_RETURN_TYPE = YES_ERROR;
				GCC_WARN_UNDECLARED_SELECTOR = YES;
				GCC_WARN_UNINITIALIZED_AUTOS = YES_AGGRESSIVE;
				GCC_WARN_UNUSED_FUNCTION = YES;
				GCC_WARN_UNUSED_VARIABLE = YES;
				IPHONEOS_DEPLOYMENT_TARGET = 11.0;
				MTL_ENABLE_DEBUG_INFO = NO;
				SDKROOT = iphoneos;
				SWIFT_OPTIMIZATION_LEVEL = "-Owholemodule";
				VALIDATE_PRODUCT = YES;
			};
			name = Release;
		};
		CF9AA31B1FA728B7003541EE /* Debug */ = {
			isa = XCBuildConfiguration;
			buildSettings = {
				ASSETCATALOG_COMPILER_APPICON_NAME = AppIcon;
				CODE_SIGN_STYLE = Automatic;
				DEVELOPMENT_TEAM = UZP5746586;
				FRAMEWORK_SEARCH_PATHS = (
					"$(inherited)",
					"$(PROJECT_DIR)/Carthage/Build/iOS",
				);
				INFOPLIST_FILE = RxSwiftDemo/Info.plist;
				LD_RUNPATH_SEARCH_PATHS = "$(inherited) @executable_path/Frameworks";
				PRODUCT_BUNDLE_IDENTIFIER = com.tone77.RxSwiftDemo;
				PRODUCT_NAME = "$(TARGET_NAME)";
				SWIFT_VERSION = 4.0;
				TARGETED_DEVICE_FAMILY = "1,2";
			};
			name = Debug;
		};
		CF9AA31C1FA728B7003541EE /* Release */ = {
			isa = XCBuildConfiguration;
			buildSettings = {
				ASSETCATALOG_COMPILER_APPICON_NAME = AppIcon;
				CODE_SIGN_STYLE = Automatic;
				DEVELOPMENT_TEAM = UZP5746586;
				FRAMEWORK_SEARCH_PATHS = (
					"$(inherited)",
					"$(PROJECT_DIR)/Carthage/Build/iOS",
				);
				INFOPLIST_FILE = RxSwiftDemo/Info.plist;
				LD_RUNPATH_SEARCH_PATHS = "$(inherited) @executable_path/Frameworks";
				PRODUCT_BUNDLE_IDENTIFIER = com.tone77.RxSwiftDemo;
				PRODUCT_NAME = "$(TARGET_NAME)";
				SWIFT_VERSION = 4.0;
				TARGETED_DEVICE_FAMILY = "1,2";
			};
			name = Release;
		};
/* End XCBuildConfiguration section */

/* Begin XCConfigurationList section */
		CF9AA3031FA728B7003541EE /* Build configuration list for PBXProject "RxSwiftDemo" */ = {
			isa = XCConfigurationList;
			buildConfigurations = (
				CF9AA3181FA728B7003541EE /* Debug */,
				CF9AA3191FA728B7003541EE /* Release */,
			);
			defaultConfigurationIsVisible = 0;
			defaultConfigurationName = Release;
		};
		CF9AA31A1FA728B7003541EE /* Build configuration list for PBXNativeTarget "RxSwiftDemo" */ = {
			isa = XCConfigurationList;
			buildConfigurations = (
				CF9AA31B1FA728B7003541EE /* Debug */,
				CF9AA31C1FA728B7003541EE /* Release */,
			);
			defaultConfigurationIsVisible = 0;
			defaultConfigurationName = Release;
		};
/* End XCConfigurationList section */
	};
	rootObject = CF9AA3001FA728B7003541EE /* Project object */;
}
